
Microsoft Visual Studio Solution File, Format Version 12.00
# Visual Studio Version 17
VisualStudioVersion = 17.0.32002.185
MinimumVisualStudioVersion = 10.0.40219.1
Project("{FAE04EC0-301F-11D3-BF4B-00C04F79EFBC}") = "SupportNotification.Ws", "SupportNotification.Ws\SupportNotification.Ws.csproj", "{DC90ED9B-CE8B-451A-B938-FFB4E69E48B0}"
EndProject
Global
	GlobalSection(SolutionConfigurationPlatforms) = preSolution
		Debug|Any CPU = Debug|Any CPU
		Release|Any CPU = Release|Any CPU
	EndGlobalSection
	GlobalSection(ProjectConfigurationPlatforms) = postSolution
		{DC90ED9B-CE8B-451A-B938-FFB4E69E48B0}.Debug|Any CPU.ActiveCfg = Debug|Any CPU
		{DC90ED9B-CE8B-451A-B938-FFB4E69E48B0}.Debug|Any CPU.Build.0 = Debug|Any CPU
		{DC90ED9B-CE8B-451A-B938-FFB4E69E48B0}.Release|Any CPU.ActiveCfg = Release|Any CPU
		{DC90ED9B-CE8B-451A-B938-FFB4E69E48B0}.Release|Any CPU.Build.0 = Release|Any CPU
	EndGlobalSection
	GlobalSection(SolutionProperties) = preSolution
		HideSolutionNode = FALSE
	EndGlobalSection
	GlobalSection(ExtensibilityGlobals) = postSolution
		SolutionGuid = {A1C96316-5EA0-4884-ABD7-DE617F62A209}
	EndGlobalSection
EndGlobal
